// !$*UTF8*$!
{
	archiveVersion = 1;
	classes = {
	};
	objectVersion = 46;
	objects = {

/* Begin PBXBuildFile section */
		AA19179B16307C040078E471 /* Player.m in Sources */ = {isa = PBXBuildFile; fileRef = AA19179A16307C040078E471 /* Player.m */; };
		AAC36FE916317CA00090C0E2 /* icon.png in Resources */ = {isa = PBXBuildFile; fileRef = AAC36FE816317CA00090C0E2 /* icon.png */; };
		AAC36FEB16317CA20090C0E2 /* icon@2x.png in Resources */ = {isa = PBXBuildFile; fileRef = AAC36FEA16317CA20090C0E2 /* icon@2x.png */; };
		AAC36FED16317CA80090C0E2 /* icon~ipad.png in Resources */ = {isa = PBXBuildFile; fileRef = AAC36FEC16317CA80090C0E2 /* icon~ipad.png */; };
		AAC36FEF16317CAB0090C0E2 /* icon@2x~ipad.png in Resources */ = {isa = PBXBuildFile; fileRef = AAC36FEE16317CAB0090C0E2 /* icon@2x~ipad.png */; };
		AAC36FF116317EBF0090C0E2 /* Default-Portrait~ipad.png in Resources */ = {isa = PBXBuildFile; fileRef = AAC36FF016317EBF0090C0E2 /* Default-Portrait~ipad.png */; };
		AAC36FF316317EC40090C0E2 /* Default-Portrait@2x~ipad.png in Resources */ = {isa = PBXBuildFile; fileRef = AAC36FF216317EC40090C0E2 /* Default-Portrait@2x~ipad.png */; };
		AAC36FF516317ECE0090C0E2 /* Default-Landscape~ipad.png in Resources */ = {isa = PBXBuildFile; fileRef = AAC36FF416317ECE0090C0E2 /* Default-Landscape~ipad.png */; };
		AAC36FF716317ED10090C0E2 /* Default-Landscape@2x~ipad.png in Resources */ = {isa = PBXBuildFile; fileRef = AAC36FF616317ED10090C0E2 /* Default-Landscape@2x~ipad.png */; };
		AAC36FF916317EDD0090C0E2 /* Default.png in Resources */ = {isa = PBXBuildFile; fileRef = AAC36FF816317EDC0090C0E2 /* Default.png */; };
		AAC36FFB16317EDF0090C0E2 /* Default@2x.png in Resources */ = {isa = PBXBuildFile; fileRef = AAC36FFA16317EDF0090C0E2 /* Default@2x.png */; };
		AAC36FFD16317EE30090C0E2 /* Default-568h@2x.png in Resources */ = {isa = PBXBuildFile; fileRef = AAC36FFC16317EE30090C0E2 /* Default-568h@2x.png */; };
		AAE21A20162D69E900A8DE38 /* UIKit.framework in Frameworks */ = {isa = PBXBuildFile; fileRef = AAE21A1F162D69E900A8DE38 /* UIKit.framework */; };
		AAE21A22162D69E900A8DE38 /* Foundation.framework in Frameworks */ = {isa = PBXBuildFile; fileRef = AAE21A21162D69E900A8DE38 /* Foundation.framework */; };
		AAE21A24162D69E900A8DE38 /* CoreGraphics.framework in Frameworks */ = {isa = PBXBuildFile; fileRef = AAE21A23162D69E900A8DE38 /* CoreGraphics.framework */; };
		AAE21A26162D69E900A8DE38 /* CoreData.framework in Frameworks */ = {isa = PBXBuildFile; fileRef = AAE21A25162D69E900A8DE38 /* CoreData.framework */; };
		AAE21A2C162D69E900A8DE38 /* InfoPlist.strings in Resources */ = {isa = PBXBuildFile; fileRef = AAE21A2A162D69E900A8DE38 /* InfoPlist.strings */; };
		AAE21A2E162D69E900A8DE38 /* main.m in Sources */ = {isa = PBXBuildFile; fileRef = AAE21A2D162D69E900A8DE38 /* main.m */; };
		AAE21A32162D69E900A8DE38 /* tictactoeAppDelegate.m in Sources */ = {isa = PBXBuildFile; fileRef = AAE21A31162D69E900A8DE38 /* tictactoeAppDelegate.m */; };
		AAE21A34162D69E900A8DE38 /* Default.png in Resources */ = {isa = PBXBuildFile; fileRef = AAE21A33162D69E900A8DE38 /* Default.png */; };
		AAE21A36162D69E900A8DE38 /* Default@2x.png in Resources */ = {isa = PBXBuildFile; fileRef = AAE21A35162D69E900A8DE38 /* Default@2x.png */; };
		AAE21A38162D69E900A8DE38 /* Default-568h@2x.png in Resources */ = {isa = PBXBuildFile; fileRef = AAE21A37162D69E900A8DE38 /* Default-568h@2x.png */; };
		AAE21A3B162D69E900A8DE38 /* tictactoe.xcdatamodeld in Sources */ = {isa = PBXBuildFile; fileRef = AAE21A39162D69E900A8DE38 /* tictactoe.xcdatamodeld */; };
		AAE21A4A162D6CA700A8DE38 /* StartGameViewController.m in Sources */ = {isa = PBXBuildFile; fileRef = AAE21A48162D6CA700A8DE38 /* StartGameViewController.m */; };
		AAE21A4B162D6CA700A8DE38 /* StartGameViewController.xib in Resources */ = {isa = PBXBuildFile; fileRef = AAE21A49162D6CA700A8DE38 /* StartGameViewController.xib */; };
		AAE21A51162D6EA100A8DE38 /* GamePlayViewController.m in Sources */ = {isa = PBXBuildFile; fileRef = AAE21A4F162D6EA100A8DE38 /* GamePlayViewController.m */; };
		AAE21A52162D6EA100A8DE38 /* GamePlayViewController.xib in Resources */ = {isa = PBXBuildFile; fileRef = AAE21A50162D6EA100A8DE38 /* GamePlayViewController.xib */; };
		AAE21A56162D6EAC00A8DE38 /* GameResultViewController.m in Sources */ = {isa = PBXBuildFile; fileRef = AAE21A54162D6EAC00A8DE38 /* GameResultViewController.m */; };
		AAE21A57162D6EAC00A8DE38 /* GameResultViewController.xib in Resources */ = {isa = PBXBuildFile; fileRef = AAE21A55162D6EAC00A8DE38 /* GameResultViewController.xib */; };
		AAE21A59162D79C600A8DE38 /* GamePlayViewController~ipad.xib in Resources */ = {isa = PBXBuildFile; fileRef = AAE21A58162D79C600A8DE38 /* GamePlayViewController~ipad.xib */; };
		AAE4F7A5162FDCC50006B513 /* StartGameViewController~ipad.xib in Resources */ = {isa = PBXBuildFile; fileRef = AAE4F7A4162FDCC50006B513 /* StartGameViewController~ipad.xib */; };
		AAE4F7A8162FDD290006B513 /* GameResultViewController~ipad.xib in Resources */ = {isa = PBXBuildFile; fileRef = AAE4F7A7162FDD290006B513 /* GameResultViewController~ipad.xib */; };
		AAE4F7B9163040640006B513 /* p1~ipad.png in Resources */ = {isa = PBXBuildFile; fileRef = AAE4F7B5163040640006B513 /* p1~ipad.png */; };
		AAE4F7BA163040640006B513 /* p1.png in Resources */ = {isa = PBXBuildFile; fileRef = AAE4F7B6163040640006B513 /* p1.png */; };
		AAE4F7BB163040640006B513 /* p2~ipad.png in Resources */ = {isa = PBXBuildFile; fileRef = AAE4F7B7163040640006B513 /* p2~ipad.png */; };
		AAE4F7BC163040640006B513 /* p2.png in Resources */ = {isa = PBXBuildFile; fileRef = AAE4F7B8163040640006B513 /* p2.png */; };
		AAE4F7BF16304D010006B513 /* GameController.m in Sources */ = {isa = PBXBuildFile; fileRef = AAE4F7BE16304D010006B513 /* GameController.m */; };
/* End PBXBuildFile section */

/* Begin PBXFileReference section */
		AA19179916307C040078E471 /* Player.h */ = {isa = PBXFileReference; fileEncoding = 4; lastKnownFileType = sourcecode.c.h; path = Player.h; sourceTree = "<group>"; };
		AA19179A16307C040078E471 /* Player.m */ = {isa = PBXFileReference; fileEncoding = 4; lastKnownFileType = sourcecode.c.objc; path = Player.m; sourceTree = "<group>"; };
		AAC36FE816317CA00090C0E2 /* icon.png */ = {isa = PBXFileReference; lastKnownFileType = image.png; name = icon.png; path = ../icon.png; sourceTree = "<group>"; };
		AAC36FEA16317CA20090C0E2 /* icon@2x.png */ = {isa = PBXFileReference; lastKnownFileType = image.png; name = "icon@2x.png"; path = "../icon@2x.png"; sourceTree = "<group>"; };
		AAC36FEC16317CA80090C0E2 /* icon~ipad.png */ = {isa = PBXFileReference; lastKnownFileType = image.png; name = "icon~ipad.png"; path = "../icon~ipad.png"; sourceTree = "<group>"; };
		AAC36FEE16317CAB0090C0E2 /* icon@2x~ipad.png */ = {isa = PBXFileReference; lastKnownFileType = image.png; name = "icon@2x~ipad.png"; path = "../icon@2x~ipad.png"; sourceTree = "<group>"; };
		AAC36FF016317EBF0090C0E2 /* Default-Portrait~ipad.png */ = {isa = PBXFileReference; lastKnownFileType = image.png; name = "Default-Portrait~ipad.png"; path = "../Default-Portrait~ipad.png"; sourceTree = "<group>"; };
		AAC36FF216317EC40090C0E2 /* Default-Portrait@2x~ipad.png */ = {isa = PBXFileReference; lastKnownFileType = image.png; name = "Default-Portrait@2x~ipad.png"; path = "../Default-Portrait@2x~ipad.png"; sourceTree = "<group>"; };
		AAC36FF416317ECE0090C0E2 /* Default-Landscape~ipad.png */ = {isa = PBXFileReference; lastKnownFileType = image.png; name = "Default-Landscape~ipad.png"; path = "../Default-Landscape~ipad.png"; sourceTree = "<group>"; };
		AAC36FF616317ED10090C0E2 /* Default-Landscape@2x~ipad.png */ = {isa = PBXFileReference; lastKnownFileType = image.png; name = "Default-Landscape@2x~ipad.png"; path = "../Default-Landscape@2x~ipad.png"; sourceTree = "<group>"; };
		AAC36FF816317EDC0090C0E2 /* Default.png */ = {isa = PBXFileReference; lastKnownFileType = image.png; name = Default.png; path = ../Default.png; sourceTree = "<group>"; };
		AAC36FFA16317EDF0090C0E2 /* Default@2x.png */ = {isa = PBXFileReference; lastKnownFileType = image.png; name = "Default@2x.png"; path = "../Default@2x.png"; sourceTree = "<group>"; };
		AAC36FFC16317EE30090C0E2 /* Default-568h@2x.png */ = {isa = PBXFileReference; lastKnownFileType = image.png; name = "Default-568h@2x.png"; path = "../Default-568h@2x.png"; sourceTree = "<group>"; };
		AAE21A1B162D69E900A8DE38 /* tictactoe.app */ = {isa = PBXFileReference; explicitFileType = wrapper.application; includeInIndex = 0; path = tictactoe.app; sourceTree = BUILT_PRODUCTS_DIR; };
		AAE21A1F162D69E900A8DE38 /* UIKit.framework */ = {isa = PBXFileReference; lastKnownFileType = wrapper.framework; name = UIKit.framework; path = System/Library/Frameworks/UIKit.framework; sourceTree = SDKROOT; };
		AAE21A21162D69E900A8DE38 /* Foundation.framework */ = {isa = PBXFileReference; lastKnownFileType = wrapper.framework; name = Foundation.framework; path = System/Library/Frameworks/Foundation.framework; sourceTree = SDKROOT; };
		AAE21A23162D69E900A8DE38 /* CoreGraphics.framework */ = {isa = PBXFileReference; lastKnownFileType = wrapper.framework; name = CoreGraphics.framework; path = System/Library/Frameworks/CoreGraphics.framework; sourceTree = SDKROOT; };
		AAE21A25162D69E900A8DE38 /* CoreData.framework */ = {isa = PBXFileReference; lastKnownFileType = wrapper.framework; name = CoreData.framework; path = System/Library/Frameworks/CoreData.framework; sourceTree = SDKROOT; };
		AAE21A29162D69E900A8DE38 /* tictactoe-Info.plist */ = {isa = PBXFileReference; lastKnownFileType = text.plist.xml; path = "tictactoe-Info.plist"; sourceTree = "<group>"; };
		AAE21A2B162D69E900A8DE38 /* en */ = {isa = PBXFileReference; lastKnownFileType = text.plist.strings; name = en; path = en.lproj/InfoPlist.strings; sourceTree = "<group>"; };
		AAE21A2D162D69E900A8DE38 /* main.m */ = {isa = PBXFileReference; lastKnownFileType = sourcecode.c.objc; path = main.m; sourceTree = "<group>"; };
		AAE21A2F162D69E900A8DE38 /* tictactoe-Prefix.pch */ = {isa = PBXFileReference; lastKnownFileType = sourcecode.c.h; path = "tictactoe-Prefix.pch"; sourceTree = "<group>"; };
		AAE21A30162D69E900A8DE38 /* tictactoeAppDelegate.h */ = {isa = PBXFileReference; lastKnownFileType = sourcecode.c.h; path = tictactoeAppDelegate.h; sourceTree = "<group>"; };
		AAE21A31162D69E900A8DE38 /* tictactoeAppDelegate.m */ = {isa = PBXFileReference; lastKnownFileType = sourcecode.c.objc; path = tictactoeAppDelegate.m; sourceTree = "<group>"; };
		AAE21A33162D69E900A8DE38 /* Default.png */ = {isa = PBXFileReference; lastKnownFileType = image.png; path = Default.png; sourceTree = "<group>"; };
		AAE21A35162D69E900A8DE38 /* Default@2x.png */ = {isa = PBXFileReference; lastKnownFileType = image.png; path = "Default@2x.png"; sourceTree = "<group>"; };
		AAE21A37162D69E900A8DE38 /* Default-568h@2x.png */ = {isa = PBXFileReference; lastKnownFileType = image.png; path = "Default-568h@2x.png"; sourceTree = "<group>"; };
		AAE21A3A162D69E900A8DE38 /* tictactoe.xcdatamodel */ = {isa = PBXFileReference; lastKnownFileType = wrapper.xcdatamodel; path = tictactoe.xcdatamodel; sourceTree = "<group>"; };
		AAE21A43162D6AE100A8DE38 /* Constants.h */ = {isa = PBXFileReference; fileEncoding = 4; lastKnownFileType = sourcecode.c.h; path = Constants.h; sourceTree = "<group>"; };
		AAE21A47162D6CA700A8DE38 /* StartGameViewController.h */ = {isa = PBXFileReference; fileEncoding = 4; lastKnownFileType = sourcecode.c.h; path = StartGameViewController.h; sourceTree = "<group>"; };
		AAE21A48162D6CA700A8DE38 /* StartGameViewController.m */ = {isa = PBXFileReference; fileEncoding = 4; lastKnownFileType = sourcecode.c.objc; path = StartGameViewController.m; sourceTree = "<group>"; };
		AAE21A49162D6CA700A8DE38 /* StartGameViewController.xib */ = {isa = PBXFileReference; fileEncoding = 4; lastKnownFileType = file.xib; path = StartGameViewController.xib; sourceTree = "<group>"; };
		AAE21A4E162D6EA100A8DE38 /* GamePlayViewController.h */ = {isa = PBXFileReference; fileEncoding = 4; lastKnownFileType = sourcecode.c.h; path = GamePlayViewController.h; sourceTree = "<group>"; };
		AAE21A4F162D6EA100A8DE38 /* GamePlayViewController.m */ = {isa = PBXFileReference; fileEncoding = 4; lastKnownFileType = sourcecode.c.objc; path = GamePlayViewController.m; sourceTree = "<group>"; };
		AAE21A50162D6EA100A8DE38 /* GamePlayViewController.xib */ = {isa = PBXFileReference; fileEncoding = 4; lastKnownFileType = file.xib; path = GamePlayViewController.xib; sourceTree = "<group>"; };
		AAE21A53162D6EAC00A8DE38 /* GameResultViewController.h */ = {isa = PBXFileReference; fileEncoding = 4; lastKnownFileType = sourcecode.c.h; path = GameResultViewController.h; sourceTree = "<group>"; };
		AAE21A54162D6EAC00A8DE38 /* GameResultViewController.m */ = {isa = PBXFileReference; fileEncoding = 4; lastKnownFileType = sourcecode.c.objc; path = GameResultViewController.m; sourceTree = "<group>"; };
		AAE21A55162D6EAC00A8DE38 /* GameResultViewController.xib */ = {isa = PBXFileReference; fileEncoding = 4; lastKnownFileType = file.xib; path = GameResultViewController.xib; sourceTree = "<group>"; };
		AAE21A58162D79C600A8DE38 /* GamePlayViewController~ipad.xib */ = {isa = PBXFileReference; fileEncoding = 4; lastKnownFileType = file.xib; path = "GamePlayViewController~ipad.xib"; sourceTree = "<group>"; };
		AAE4F7A4162FDCC50006B513 /* StartGameViewController~ipad.xib */ = {isa = PBXFileReference; fileEncoding = 4; lastKnownFileType = file.xib; path = "StartGameViewController~ipad.xib"; sourceTree = "<group>"; };
		AAE4F7A7162FDD290006B513 /* GameResultViewController~ipad.xib */ = {isa = PBXFileReference; fileEncoding = 4; lastKnownFileType = file.xib; path = "GameResultViewController~ipad.xib"; sourceTree = "<group>"; };
		AAE4F7B5163040640006B513 /* p1~ipad.png */ = {isa = PBXFileReference; lastKnownFileType = image.png; path = "p1~ipad.png"; sourceTree = "<group>"; };
		AAE4F7B6163040640006B513 /* p1.png */ = {isa = PBXFileReference; lastKnownFileType = image.png; path = p1.png; sourceTree = "<group>"; };
		AAE4F7B7163040640006B513 /* p2~ipad.png */ = {isa = PBXFileReference; lastKnownFileType = image.png; path = "p2~ipad.png"; sourceTree = "<group>"; };
		AAE4F7B8163040640006B513 /* p2.png */ = {isa = PBXFileReference; lastKnownFileType = image.png; path = p2.png; sourceTree = "<group>"; };
		AAE4F7BD16304D010006B513 /* GameController.h */ = {isa = PBXFileReference; fileEncoding = 4; lastKnownFileType = sourcecode.c.h; path = GameController.h; sourceTree = "<group>"; };
		AAE4F7BE16304D010006B513 /* GameController.m */ = {isa = PBXFileReference; fileEncoding = 4; lastKnownFileType = sourcecode.c.objc; path = GameController.m; sourceTree = "<group>"; };
/* End PBXFileReference section */

/* Begin PBXFrameworksBuildPhase section */
		AAE21A18162D69E900A8DE38 /* Frameworks */ = {
			isa = PBXFrameworksBuildPhase;
			buildActionMask = 2147483647;
			files = (
				AAE21A20162D69E900A8DE38 /* UIKit.framework in Frameworks */,
				AAE21A22162D69E900A8DE38 /* Foundation.framework in Frameworks */,
				AAE21A24162D69E900A8DE38 /* CoreGraphics.framework in Frameworks */,
				AAE21A26162D69E900A8DE38 /* CoreData.framework in Frameworks */,
			);
			runOnlyForDeploymentPostprocessing = 0;
		};
/* End PBXFrameworksBuildPhase section */

/* Begin PBXGroup section */
		AAC36FFE16317F200090C0E2 /* backgrounds */ = {
			isa = PBXGroup;
			children = (
				AAC36FF016317EBF0090C0E2 /* Default-Portrait~ipad.png */,
				AAC36FFC16317EE30090C0E2 /* Default-568h@2x.png */,
				AAC36FFA16317EDF0090C0E2 /* Default@2x.png */,
				AAC36FF816317EDC0090C0E2 /* Default.png */,
				AAC36FF616317ED10090C0E2 /* Default-Landscape@2x~ipad.png */,
				AAC36FF416317ECE0090C0E2 /* Default-Landscape~ipad.png */,
				AAC36FF216317EC40090C0E2 /* Default-Portrait@2x~ipad.png */,
			);
			name = backgrounds;
			sourceTree = "<group>";
		};
		AAC36FFF16317F460090C0E2 /* icons */ = {
			isa = PBXGroup;
			children = (
				AAC36FEE16317CAB0090C0E2 /* icon@2x~ipad.png */,
				AAC36FEC16317CA80090C0E2 /* icon~ipad.png */,
				AAC36FEA16317CA20090C0E2 /* icon@2x.png */,
				AAC36FE816317CA00090C0E2 /* icon.png */,
			);
			name = icons;
			sourceTree = "<group>";
		};
		AAE21A10162D69E900A8DE38 = {
			isa = PBXGroup;
			children = (
				AAE21A27162D69E900A8DE38 /* tictactoe */,
				AAE21A1E162D69E900A8DE38 /* Frameworks */,
				AAE21A1C162D69E900A8DE38 /* Products */,
			);
			sourceTree = "<group>";
		};
		AAE21A1C162D69E900A8DE38 /* Products */ = {
			isa = PBXGroup;
			children = (
				AAE21A1B162D69E900A8DE38 /* tictactoe.app */,
			);
			name = Products;
			sourceTree = "<group>";
		};
		AAE21A1E162D69E900A8DE38 /* Frameworks */ = {
			isa = PBXGroup;
			children = (
				AAE21A1F162D69E900A8DE38 /* UIKit.framework */,
				AAE21A21162D69E900A8DE38 /* Foundation.framework */,
				AAE21A23162D69E900A8DE38 /* CoreGraphics.framework */,
				AAE21A25162D69E900A8DE38 /* CoreData.framework */,
			);
			name = Frameworks;
			sourceTree = "<group>";
		};
		AAE21A27162D69E900A8DE38 /* tictactoe */ = {
			isa = PBXGroup;
			children = (
				AAE4F7B1163014940006B513 /* Images */,
				AAE21A42162D6AC500A8DE38 /* Libs */,
				AAE21A41162D6ABC00A8DE38 /* Controllers */,
				AAE21A30162D69E900A8DE38 /* tictactoeAppDelegate.h */,
				AAE21A31162D69E900A8DE38 /* tictactoeAppDelegate.m */,
				AAE21A39162D69E900A8DE38 /* tictactoe.xcdatamodeld */,
				AAE21A28162D69E900A8DE38 /* Supporting Files */,
			);
			path = tictactoe;
			sourceTree = "<group>";
		};
		AAE21A28162D69E900A8DE38 /* Supporting Files */ = {
			isa = PBXGroup;
			children = (
				AAE21A29162D69E900A8DE38 /* tictactoe-Info.plist */,
				AAE21A2A162D69E900A8DE38 /* InfoPlist.strings */,
				AAE21A2D162D69E900A8DE38 /* main.m */,
				AAE21A2F162D69E900A8DE38 /* tictactoe-Prefix.pch */,
				AAE21A33162D69E900A8DE38 /* Default.png */,
				AAE21A35162D69E900A8DE38 /* Default@2x.png */,
				AAE21A37162D69E900A8DE38 /* Default-568h@2x.png */,
			);
			name = "Supporting Files";
			sourceTree = "<group>";
		};
		AAE21A41162D6ABC00A8DE38 /* Controllers */ = {
			isa = PBXGroup;
			children = (
				AAE21A4D162D6E9200A8DE38 /* GameResult */,
				AAE21A4C162D6E8600A8DE38 /* GamePlay */,
				AAE21A46162D6C7900A8DE38 /* GameStart */,
				AAE4F7BD16304D010006B513 /* GameController.h */,
				AAE4F7BE16304D010006B513 /* GameController.m */,
			);
			name = Controllers;
			sourceTree = "<group>";
		};
		AAE21A42162D6AC500A8DE38 /* Libs */ = {
			isa = PBXGroup;
			children = (
				AAE21A43162D6AE100A8DE38 /* Constants.h */,
				AA19179916307C040078E471 /* Player.h */,
				AA19179A16307C040078E471 /* Player.m */,
			);
			name = Libs;
			sourceTree = "<group>";
		};
		AAE21A46162D6C7900A8DE38 /* GameStart */ = {
			isa = PBXGroup;
			children = (
				AAE21A47162D6CA700A8DE38 /* StartGameViewController.h */,
				AAE21A48162D6CA700A8DE38 /* StartGameViewController.m */,
				AAE21A49162D6CA700A8DE38 /* StartGameViewController.xib */,
				AAE4F7A4162FDCC50006B513 /* StartGameViewController~ipad.xib */,
			);
			name = GameStart;
			sourceTree = "<group>";
		};
		AAE21A4C162D6E8600A8DE38 /* GamePlay */ = {
			isa = PBXGroup;
			children = (
				AAE21A4E162D6EA100A8DE38 /* GamePlayViewController.h */,
				AAE21A4F162D6EA100A8DE38 /* GamePlayViewController.m */,
				AAE21A50162D6EA100A8DE38 /* GamePlayViewController.xib */,
				AAE21A58162D79C600A8DE38 /* GamePlayViewController~ipad.xib */,
			);
			name = GamePlay;
			sourceTree = "<group>";
		};
		AAE21A4D162D6E9200A8DE38 /* GameResult */ = {
			isa = PBXGroup;
			children = (
				AAE21A53162D6EAC00A8DE38 /* GameResultViewController.h */,
				AAE21A54162D6EAC00A8DE38 /* GameResultViewController.m */,
				AAE21A55162D6EAC00A8DE38 /* GameResultViewController.xib */,
				AAE4F7A7162FDD290006B513 /* GameResultViewController~ipad.xib */,
			);
			name = GameResult;
			sourceTree = "<group>";
		};
		AAE4F7B1163014940006B513 /* Images */ = {
			isa = PBXGroup;
			children = (
				AAC36FFE16317F200090C0E2 /* backgrounds */,
				AAC36FFF16317F460090C0E2 /* icons */,
				AAE4F7B5163040640006B513 /* p1~ipad.png */,
				AAE4F7B6163040640006B513 /* p1.png */,
				AAE4F7B7163040640006B513 /* p2~ipad.png */,
				AAE4F7B8163040640006B513 /* p2.png */,
			);
			name = Images;
			sourceTree = "<group>";
		};
/* End PBXGroup section */

/* Begin PBXNativeTarget section */
		AAE21A1A162D69E900A8DE38 /* tictactoe */ = {
			isa = PBXNativeTarget;
			buildConfigurationList = AAE21A3E162D69E900A8DE38 /* Build configuration list for PBXNativeTarget "tictactoe" */;
			buildPhases = (
				AAE21A17162D69E900A8DE38 /* Sources */,
				AAE21A18162D69E900A8DE38 /* Frameworks */,
				AAE21A19162D69E900A8DE38 /* Resources */,
			);
			buildRules = (
			);
			dependencies = (
			);
			name = tictactoe;
			productName = tictactoe;
			productReference = AAE21A1B162D69E900A8DE38 /* tictactoe.app */;
			productType = "com.apple.product-type.application";
		};
/* End PBXNativeTarget section */

/* Begin PBXProject section */
		AAE21A12162D69E900A8DE38 /* Project object */ = {
			isa = PBXProject;
			attributes = {
				CLASSPREFIX = tictactoe;
				LastUpgradeCheck = 0450;
				ORGANIZATIONNAME = "Peter IJlst";
			};
			buildConfigurationList = AAE21A15162D69E900A8DE38 /* Build configuration list for PBXProject "tictactoe" */;
			compatibilityVersion = "Xcode 3.2";
			developmentRegion = English;
			hasScannedForEncodings = 0;
			knownRegions = (
				en,
			);
			mainGroup = AAE21A10162D69E900A8DE38;
			productRefGroup = AAE21A1C162D69E900A8DE38 /* Products */;
			projectDirPath = "";
			projectRoot = "";
			targets = (
				AAE21A1A162D69E900A8DE38 /* tictactoe */,
			);
		};
/* End PBXProject section */

/* Begin PBXResourcesBuildPhase section */
		AAE21A19162D69E900A8DE38 /* Resources */ = {
			isa = PBXResourcesBuildPhase;
			buildActionMask = 2147483647;
			files = (
				AAE21A2C162D69E900A8DE38 /* InfoPlist.strings in Resources */,
				AAE21A34162D69E900A8DE38 /* Default.png in Resources */,
				AAE21A36162D69E900A8DE38 /* Default@2x.png in Resources */,
				AAE21A38162D69E900A8DE38 /* Default-568h@2x.png in Resources */,
				AAE21A4B162D6CA700A8DE38 /* StartGameViewController.xib in Resources */,
				AAE21A52162D6EA100A8DE38 /* GamePlayViewController.xib in Resources */,
				AAE21A57162D6EAC00A8DE38 /* GameResultViewController.xib in Resources */,
				AAE21A59162D79C600A8DE38 /* GamePlayViewController~ipad.xib in Resources */,
				AAE4F7A5162FDCC50006B513 /* StartGameViewController~ipad.xib in Resources */,
				AAE4F7A8162FDD290006B513 /* GameResultViewController~ipad.xib in Resources */,
				AAE4F7B9163040640006B513 /* p1~ipad.png in Resources */,
				AAE4F7BA163040640006B513 /* p1.png in Resources */,
				AAE4F7BB163040640006B513 /* p2~ipad.png in Resources */,
				AAE4F7BC163040640006B513 /* p2.png in Resources */,
				AAC36FE916317CA00090C0E2 /* icon.png in Resources */,
				AAC36FEB16317CA20090C0E2 /* icon@2x.png in Resources */,
				AAC36FED16317CA80090C0E2 /* icon~ipad.png in Resources */,
				AAC36FEF16317CAB0090C0E2 /* icon@2x~ipad.png in Resources */,
				AAC36FF116317EBF0090C0E2 /* Default-Portrait~ipad.png in Resources */,
				AAC36FF316317EC40090C0E2 /* Default-Portrait@2x~ipad.png in Resources */,
				AAC36FF516317ECE0090C0E2 /* Default-Landscape~ipad.png in Resources */,
				AAC36FF716317ED10090C0E2 /* Default-Landscape@2x~ipad.png in Resources */,
				AAC36FF916317EDD0090C0E2 /* Default.png in Resources */,
				AAC36FFB16317EDF0090C0E2 /* Default@2x.png in Resources */,
				AAC36FFD16317EE30090C0E2 /* Default-568h@2x.png in Resources */,
			);
			runOnlyForDeploymentPostprocessing = 0;
		};
/* End PBXResourcesBuildPhase section */

/* Begin PBXSourcesBuildPhase section */
		AAE21A17162D69E900A8DE38 /* Sources */ = {
			isa = PBXSourcesBuildPhase;
			buildActionMask = 2147483647;
			files = (
				AAE21A2E162D69E900A8DE38 /* main.m in Sources */,
				AAE21A32162D69E900A8DE38 /* tictactoeAppDelegate.m in Sources */,
				AAE21A3B162D69E900A8DE38 /* tictactoe.xcdatamodeld in Sources */,
				AAE21A4A162D6CA700A8DE38 /* StartGameViewController.m in Sources */,
				AAE21A51162D6EA100A8DE38 /* GamePlayViewController.m in Sources */,
				AAE21A56162D6EAC00A8DE38 /* GameResultViewController.m in Sources */,
				AAE4F7BF16304D010006B513 /* GameController.m in Sources */,
				AA19179B16307C040078E471 /* Player.m in Sources */,
			);
			runOnlyForDeploymentPostprocessing = 0;
		};
/* End PBXSourcesBuildPhase section */

/* Begin PBXVariantGroup section */
		AAE21A2A162D69E900A8DE38 /* InfoPlist.strings */ = {
			isa = PBXVariantGroup;
			children = (
				AAE21A2B162D69E900A8DE38 /* en */,
			);
			name = InfoPlist.strings;
			sourceTree = "<group>";
		};
/* End PBXVariantGroup section */

/* Begin XCBuildConfiguration section */
		AAE21A3C162D69E900A8DE38 /* Debug */ = {
			isa = XCBuildConfiguration;
			buildSettings = {
				ALWAYS_SEARCH_USER_PATHS = NO;
				CLANG_CXX_LANGUAGE_STANDARD = "gnu++0x";
				CLANG_CXX_LIBRARY = "libc++";
				CLANG_WARN_EMPTY_BODY = YES;
				CLANG_WARN__DUPLICATE_METHOD_MATCH = YES;
				"CODE_SIGN_IDENTITY[sdk=iphoneos*]" = "iPhone Developer";
				COPY_PHASE_STRIP = NO;
				GCC_C_LANGUAGE_STANDARD = gnu99;
				GCC_DYNAMIC_NO_PIC = NO;
				GCC_OPTIMIZATION_LEVEL = 0;
				GCC_PREPROCESSOR_DEFINITIONS = (
					"DEBUG=1",
					"$(inherited)",
				);
				GCC_SYMBOLS_PRIVATE_EXTERN = NO;
				GCC_WARN_ABOUT_RETURN_TYPE = YES;
				GCC_WARN_UNINITIALIZED_AUTOS = YES;
				GCC_WARN_UNUSED_VARIABLE = YES;
				IPHONEOS_DEPLOYMENT_TARGET = 6.0;
				ONLY_ACTIVE_ARCH = YES;
				SDKROOT = iphoneos;
				TARGETED_DEVICE_FAMILY = "1,2";
			};
			name = Debug;
		};
		AAE21A3D162D69E900A8DE38 /* Release */ = {
			isa = XCBuildConfiguration;
			buildSettings = {
				ALWAYS_SEARCH_USER_PATHS = NO;
				CLANG_CXX_LANGUAGE_STANDARD = "gnu++0x";
				CLANG_CXX_LIBRARY = "libc++";
				CLANG_WARN_EMPTY_BODY = YES;
				CLANG_WARN__DUPLICATE_METHOD_MATCH = YES;
				"CODE_SIGN_IDENTITY[sdk=iphoneos*]" = "iPhone Developer";
				COPY_PHASE_STRIP = YES;
				GCC_C_LANGUAGE_STANDARD = gnu99;
				GCC_WARN_ABOUT_RETURN_TYPE = YES;
				GCC_WARN_UNINITIALIZED_AUTOS = YES;
				GCC_WARN_UNUSED_VARIABLE = YES;
				IPHONEOS_DEPLOYMENT_TARGET = 6.0;
				OTHER_CFLAGS = "-DNS_BLOCK_ASSERTIONS=1";
				SDKROOT = iphoneos;
				TARGETED_DEVICE_FAMILY = "1,2";
				VALIDATE_PRODUCT = YES;
			};
			name = Release;
		};
		AAE21A3F162D69E900A8DE38 /* Debug */ = {
			isa = XCBuildConfiguration;
			buildSettings = {
				GCC_PRECOMPILE_PREFIX_HEADER = YES;
				GCC_PREFIX_HEADER = "tictactoe/tictactoe-Prefix.pch";
				INFOPLIST_FILE = "tictactoe/tictactoe-Info.plist";
				IPHONEOS_DEPLOYMENT_TARGET = 6.0;
				PRODUCT_NAME = "$(TARGET_NAME)";
				WRAPPER_EXTENSION = app;
			};
			name = Debug;
		};
		AAE21A40162D69E900A8DE38 /* Release */ = {
			isa = XCBuildConfiguration;
			buildSettings = {
				GCC_PRECOMPILE_PREFIX_HEADER = YES;
				GCC_PREFIX_HEADER = "tictactoe/tictactoe-Prefix.pch";
				INFOPLIST_FILE = "tictactoe/tictactoe-Info.plist";
				IPHONEOS_DEPLOYMENT_TARGET = 6.0;
				PRODUCT_NAME = "$(TARGET_NAME)";
				WRAPPER_EXTENSION = app;
			};
			name = Release;
		};
/* End XCBuildConfiguration section */

/* Begin XCConfigurationList section */
		AAE21A15162D69E900A8DE38 /* Build configuration list for PBXProject "tictactoe" */ = {
			isa = XCConfigurationList;
			buildConfigurations = (
				AAE21A3C162D69E900A8DE38 /* Debug */,
				AAE21A3D162D69E900A8DE38 /* Release */,
			);
			defaultConfigurationIsVisible = 0;
			defaultConfigurationName = Release;
		};
		AAE21A3E162D69E900A8DE38 /* Build configuration list for PBXNativeTarget "tictactoe" */ = {
			isa = XCConfigurationList;
			buildConfigurations = (
				AAE21A3F162D69E900A8DE38 /* Debug */,
				AAE21A40162D69E900A8DE38 /* Release */,
			);
			defaultConfigurationIsVisible = 0;
			defaultConfigurationName = Release;
		};
/* End XCConfigurationList section */

/* Begin XCVersionGroup section */
		AAE21A39162D69E900A8DE38 /* tictactoe.xcdatamodeld */ = {
			isa = XCVersionGroup;
			children = (
				AAE21A3A162D69E900A8DE38 /* tictactoe.xcdatamodel */,
			);
			currentVersion = AAE21A3A162D69E900A8DE38 /* tictactoe.xcdatamodel */;
			path = tictactoe.xcdatamodeld;
			sourceTree = "<group>";
			versionGroupType = wrapper.xcdatamodel;
		};
/* End XCVersionGroup section */
	};
	rootObject = AAE21A12162D69E900A8DE38 /* Project object */;
}
